
Microsoft Visual Studio Solution File, Format Version 12.00
# Visual Studio 14
VisualStudioVersion = 14.0.24720.0
MinimumVisualStudioVersion = 10.0.40219.1
Project("{FAE04EC0-301F-11D3-BF4B-00C04F79EFBC}") = "NewLauncherHandler", "NewLauncherHandler\NewLauncherHandler.csproj", "{463BD749-ADD4-4AFA-91DA-4FFE27D7FAC4}"
EndProject
Global
	GlobalSection(SolutionConfigurationPlatforms) = preSolution
		Debug|Any CPU = Debug|Any CPU
		Release|Any CPU = Release|Any CPU
	EndGlobalSection
	GlobalSection(ProjectConfigurationPlatforms) = postSolution
		{463BD749-ADD4-4AFA-91DA-4FFE27D7FAC4}.Debug|Any CPU.ActiveCfg = Debug|Any CPU
		{463BD749-ADD4-4AFA-91DA-4FFE27D7FAC4}.Debug|Any CPU.Build.0 = Debug|Any CPU
		{463BD749-ADD4-4AFA-91DA-4FFE27D7FAC4}.Release|Any CPU.ActiveCfg = Release|Any CPU
		{463BD749-ADD4-4AFA-91DA-4FFE27D7FAC4}.Release|Any CPU.Build.0 = Release|Any CPU
	EndGlobalSection
	GlobalSection(SolutionProperties) = preSolution
		HideSolutionNode = FALSE
	EndGlobalSection
EndGlobal
